
Microsoft Visual Studio Solution File, Format Version 12.00
# Visual Studio Version 17
VisualStudioVersion = 17.5.002.0
MinimumVisualStudioVersion = 10.0.40219.1
Project("{2150E333-8FDC-42A3-9474-1A3956D46DE8}") = "sandbox", "sandbox", "{1617A402-D192-4931-ABCB-3837A5FDB28C}"
EndProject
Project("{9A19103F-16F7-4668-BE54-9A1E7A4F7556}") = "sandbox_project", "sandbox\sandbox_project\sandbox_project.csproj", "{9A61F12C-8570-4578-810A-79EACD9D8EE4}"
EndProject
Project("{2150E333-8FDC-42A3-9474-1A3956D46DE8}") = "week01", "week01", "{B356E4A9-9284-4953-BB99-30C6E3D4AE63}"
EndProject
Project("{9A19103F-16F7-4668-BE54-9A1E7A4F7556}") = "analyze", "week01\analyze\analyze.csproj", "{E3D9791A-B8BD-4F06-A13A-32971B48F3B0}"
EndProject
Project("{9A19103F-16F7-4668-BE54-9A1E7A4F7556}") = "code", "week01\code\code.csproj", "{693F71F4-DB63-4A27-A67A-BC310C130A86}"
EndProject
Project("{9A19103F-16F7-4668-BE54-9A1E7A4F7556}") = "teach", "week01\teach\teach.csproj", "{697FA803-2E15-4426-B0AA-57833A3E8213}"
EndProject
Project("{2150E333-8FDC-42A3-9474-1A3956D46DE8}") = "week02", "week02", "{C98DC694-0A8E-4667-B0E2-01408C76B3C3}"
EndProject
Project("{9A19103F-16F7-4668-BE54-9A1E7A4F7556}") = "analyze", "week02\analyze\analyze.csproj", "{DD875951-BA35-4143-B14D-C405FE301C95}"
EndProject
Project("{9A19103F-16F7-4668-BE54-9A1E7A4F7556}") = "code", "week02\code\code.csproj", "{3FC7BDD6-093A-4191-B355-91D40F05ED98}"
EndProject
Project("{9A19103F-16F7-4668-BE54-9A1E7A4F7556}") = "learn", "week02\learn\learn.csproj", "{8B073E48-A9F1-4140-8C89-4D5EB255E45F}"
EndProject
Project("{9A19103F-16F7-4668-BE54-9A1E7A4F7556}") = "teach", "week02\teach\teach.csproj", "{05960474-A53C-41A6-BECC-FF071F166241}"
EndProject
Project("{2150E333-8FDC-42A3-9474-1A3956D46DE8}") = "week03", "week03", "{507F79F5-A29F-4BC5-B2E0-53C05D5A4299}"
EndProject
Project("{9A19103F-16F7-4668-BE54-9A1E7A4F7556}") = "code", "week03\code\code.csproj", "{34DE4173-0AB1-4428-9FBA-942A44C2D762}"
EndProject
Project("{9A19103F-16F7-4668-BE54-9A1E7A4F7556}") = "learn", "week03\learn\learn.csproj", "{612BE44F-4932-4785-8F50-C5CE8916D0B6}"
EndProject
Project("{9A19103F-16F7-4668-BE54-9A1E7A4F7556}") = "teach", "week03\teach\teach.csproj", "{5C3366AE-1633-4ABF-93D1-F97625F21910}"
EndProject
Project("{2150E333-8FDC-42A3-9474-1A3956D46DE8}") = "week04", "week04", "{3E7155D0-8AA0-4160-B2B4-7F362F2458E5}"
EndProject
Project("{9A19103F-16F7-4668-BE54-9A1E7A4F7556}") = "code", "week04\code\code.csproj", "{AB7F6EE1-52D6-4E16-8E20-CAAF5C34A7CA}"
EndProject
Project("{2150E333-8FDC-42A3-9474-1A3956D46DE8}") = "week05", "week05", "{0A376715-9850-4212-BADD-60D5BD63FC75}"
EndProject
Project("{9A19103F-16F7-4668-BE54-9A1E7A4F7556}") = "code", "week05\code\code.csproj", "{1856CE01-60A7-4AD9-80CD-2049F1A344D3}"
EndProject
Project("{2150E333-8FDC-42A3-9474-1A3956D46DE8}") = "week06", "week06", "{6321647C-E618-4D4A-9B72-BD72998300C9}"
EndProject
Project("{9A19103F-16F7-4668-BE54-9A1E7A4F7556}") = "code", "week06\code\code.csproj", "{A95456AD-E20D-415F-A6D8-DA61361253F3}"
EndProject
Global
	GlobalSection(SolutionConfigurationPlatforms) = preSolution
		Debug|Any CPU = Debug|Any CPU
		Release|Any CPU = Release|Any CPU
	EndGlobalSection
	GlobalSection(ProjectConfigurationPlatforms) = postSolution
		{9A61F12C-8570-4578-810A-79EACD9D8EE4}.Debug|Any CPU.ActiveCfg = Debug|Any CPU
		{9A61F12C-8570-4578-810A-79EACD9D8EE4}.Debug|Any CPU.Build.0 = Debug|Any CPU
		{9A61F12C-8570-4578-810A-79EACD9D8EE4}.Release|Any CPU.ActiveCfg = Release|Any CPU
		{9A61F12C-8570-4578-810A-79EACD9D8EE4}.Release|Any CPU.Build.0 = Release|Any CPU
		{E3D9791A-B8BD-4F06-A13A-32971B48F3B0}.Debug|Any CPU.ActiveCfg = Debug|Any CPU
		{E3D9791A-B8BD-4F06-A13A-32971B48F3B0}.Debug|Any CPU.Build.0 = Debug|Any CPU
		{E3D9791A-B8BD-4F06-A13A-32971B48F3B0}.Release|Any CPU.ActiveCfg = Release|Any CPU
		{E3D9791A-B8BD-4F06-A13A-32971B48F3B0}.Release|Any CPU.Build.0 = Release|Any CPU
		{693F71F4-DB63-4A27-A67A-BC310C130A86}.Debug|Any CPU.ActiveCfg = Debug|Any CPU
		{693F71F4-DB63-4A27-A67A-BC310C130A86}.Debug|Any CPU.Build.0 = Debug|Any CPU
		{693F71F4-DB63-4A27-A67A-BC310C130A86}.Release|Any CPU.ActiveCfg = Release|Any CPU
		{693F71F4-DB63-4A27-A67A-BC310C130A86}.Release|Any CPU.Build.0 = Release|Any CPU
		{697FA803-2E15-4426-B0AA-57833A3E8213}.Debug|Any CPU.ActiveCfg = Debug|Any CPU
		{697FA803-2E15-4426-B0AA-57833A3E8213}.Debug|Any CPU.Build.0 = Debug|Any CPU
		{697FA803-2E15-4426-B0AA-57833A3E8213}.Release|Any CPU.ActiveCfg = Release|Any CPU
		{697FA803-2E15-4426-B0AA-57833A3E8213}.Release|Any CPU.Build.0 = Release|Any CPU
		{DD875951-BA35-4143-B14D-C405FE301C95}.Debug|Any CPU.ActiveCfg = Debug|Any CPU
		{DD875951-BA35-4143-B14D-C405FE301C95}.Debug|Any CPU.Build.0 = Debug|Any CPU
		{DD875951-BA35-4143-B14D-C405FE301C95}.Release|Any CPU.ActiveCfg = Release|Any CPU
		{DD875951-BA35-4143-B14D-C405FE301C95}.Release|Any CPU.Build.0 = Release|Any CPU
		{3FC7BDD6-093A-4191-B355-91D40F05ED98}.Debug|Any CPU.ActiveCfg = Debug|Any CPU
		{3FC7BDD6-093A-4191-B355-91D40F05ED98}.Debug|Any CPU.Build.0 = Debug|Any CPU
		{3FC7BDD6-093A-4191-B355-91D40F05ED98}.Release|Any CPU.ActiveCfg = Release|Any CPU
		{3FC7BDD6-093A-4191-B355-91D40F05ED98}.Release|Any CPU.Build.0 = Release|Any CPU
		{8B073E48-A9F1-4140-8C89-4D5EB255E45F}.Debug|Any CPU.ActiveCfg = Debug|Any CPU
		{8B073E48-A9F1-4140-8C89-4D5EB255E45F}.Debug|Any CPU.Build.0 = Debug|Any CPU
		{8B073E48-A9F1-4140-8C89-4D5EB255E45F}.Release|Any CPU.ActiveCfg = Release|Any CPU
		{8B073E48-A9F1-4140-8C89-4D5EB255E45F}.Release|Any CPU.Build.0 = Release|Any CPU
		{05960474-A53C-41A6-BECC-FF071F166241}.Debug|Any CPU.ActiveCfg = Debug|Any CPU
		{05960474-A53C-41A6-BECC-FF071F166241}.Debug|Any CPU.Build.0 = Debug|Any CPU
		{05960474-A53C-41A6-BECC-FF071F166241}.Release|Any CPU.ActiveCfg = Release|Any CPU
		{05960474-A53C-41A6-BECC-FF071F166241}.Release|Any CPU.Build.0 = Release|Any CPU
		{34DE4173-0AB1-4428-9FBA-942A44C2D762}.Debug|Any CPU.ActiveCfg = Debug|Any CPU
		{34DE4173-0AB1-4428-9FBA-942A44C2D762}.Debug|Any CPU.Build.0 = Debug|Any CPU
		{34DE4173-0AB1-4428-9FBA-942A44C2D762}.Release|Any CPU.ActiveCfg = Release|Any CPU
		{34DE4173-0AB1-4428-9FBA-942A44C2D762}.Release|Any CPU.Build.0 = Release|Any CPU
		{612BE44F-4932-4785-8F50-C5CE8916D0B6}.Debug|Any CPU.ActiveCfg = Debug|Any CPU
		{612BE44F-4932-4785-8F50-C5CE8916D0B6}.Debug|Any CPU.Build.0 = Debug|Any CPU
		{612BE44F-4932-4785-8F50-C5CE8916D0B6}.Release|Any CPU.ActiveCfg = Release|Any CPU
		{612BE44F-4932-4785-8F50-C5CE8916D0B6}.Release|Any CPU.Build.0 = Release|Any CPU
		{5C3366AE-1633-4ABF-93D1-F97625F21910}.Debug|Any CPU.ActiveCfg = Debug|Any CPU
		{5C3366AE-1633-4ABF-93D1-F97625F21910}.Debug|Any CPU.Build.0 = Debug|Any CPU
		{5C3366AE-1633-4ABF-93D1-F97625F21910}.Release|Any CPU.ActiveCfg = Release|Any CPU
		{5C3366AE-1633-4ABF-93D1-F97625F21910}.Release|Any CPU.Build.0 = Release|Any CPU
		{AB7F6EE1-52D6-4E16-8E20-CAAF5C34A7CA}.Debug|Any CPU.ActiveCfg = Debug|Any CPU
		{AB7F6EE1-52D6-4E16-8E20-CAAF5C34A7CA}.Debug|Any CPU.Build.0 = Debug|Any CPU
		{AB7F6EE1-52D6-4E16-8E20-CAAF5C34A7CA}.Release|Any CPU.ActiveCfg = Release|Any CPU
		{AB7F6EE1-52D6-4E16-8E20-CAAF5C34A7CA}.Release|Any CPU.Build.0 = Release|Any CPU
		{1856CE01-60A7-4AD9-80CD-2049F1A344D3}.Debug|Any CPU.ActiveCfg = Debug|Any CPU
		{1856CE01-60A7-4AD9-80CD-2049F1A344D3}.Debug|Any CPU.Build.0 = Debug|Any CPU
		{1856CE01-60A7-4AD9-80CD-2049F1A344D3}.Release|Any CPU.ActiveCfg = Release|Any CPU
		{1856CE01-60A7-4AD9-80CD-2049F1A344D3}.Release|Any CPU.Build.0 = Release|Any CPU
		{A95456AD-E20D-415F-A6D8-DA61361253F3}.Debug|Any CPU.ActiveCfg = Debug|Any CPU
		{A95456AD-E20D-415F-A6D8-DA61361253F3}.Debug|Any CPU.Build.0 = Debug|Any CPU
		{A95456AD-E20D-415F-A6D8-DA61361253F3}.Release|Any CPU.ActiveCfg = Release|Any CPU
		{A95456AD-E20D-415F-A6D8-DA61361253F3}.Release|Any CPU.Build.0 = Release|Any CPU
	EndGlobalSection
	GlobalSection(SolutionProperties) = preSolution
		HideSolutionNode = FALSE
	EndGlobalSection
	GlobalSection(NestedProjects) = preSolution
		{9A61F12C-8570-4578-810A-79EACD9D8EE4} = {1617A402-D192-4931-ABCB-3837A5FDB28C}
		{E3D9791A-B8BD-4F06-A13A-32971B48F3B0} = {B356E4A9-9284-4953-BB99-30C6E3D4AE63}
		{693F71F4-DB63-4A27-A67A-BC310C130A86} = {B356E4A9-9284-4953-BB99-30C6E3D4AE63}
		{697FA803-2E15-4426-B0AA-57833A3E8213} = {B356E4A9-9284-4953-BB99-30C6E3D4AE63}
		{DD875951-BA35-4143-B14D-C405FE301C95} = {C98DC694-0A8E-4667-B0E2-01408C76B3C3}
		{3FC7BDD6-093A-4191-B355-91D40F05ED98} = {C98DC694-0A8E-4667-B0E2-01408C76B3C3}
		{8B073E48-A9F1-4140-8C89-4D5EB255E45F} = {C98DC694-0A8E-4667-B0E2-01408C76B3C3}
		{05960474-A53C-41A6-BECC-FF071F166241} = {C98DC694-0A8E-4667-B0E2-01408C76B3C3}
		{34DE4173-0AB1-4428-9FBA-942A44C2D762} = {507F79F5-A29F-4BC5-B2E0-53C05D5A4299}
		{612BE44F-4932-4785-8F50-C5CE8916D0B6} = {507F79F5-A29F-4BC5-B2E0-53C05D5A4299}
		{5C3366AE-1633-4ABF-93D1-F97625F21910} = {507F79F5-A29F-4BC5-B2E0-53C05D5A4299}
		{AB7F6EE1-52D6-4E16-8E20-CAAF5C34A7CA} = {3E7155D0-8AA0-4160-B2B4-7F362F2458E5}
		{1856CE01-60A7-4AD9-80CD-2049F1A344D3} = {0A376715-9850-4212-BADD-60D5BD63FC75}
		{A95456AD-E20D-415F-A6D8-DA61361253F3} = {6321647C-E618-4D4A-9B72-BD72998300C9}
	EndGlobalSection
	GlobalSection(ExtensibilityGlobals) = postSolution
		SolutionGuid = {B3264608-4E14-4A5B-BE78-B1DAB2980137}
	EndGlobalSection
EndGlobal
